# THIS IS AN AUTOGENERATED FILE. DO NOT EDIT THIS FILE DIRECTLY.
# yarn lockfile v1


"@types/bluebird@*":
  version "3.5.32"
  resolved "https://registry.yarnpkg.com/@types/bluebird/-/bluebird-3.5.32.tgz#381e7b59e39f010d20bbf7e044e48f5caf1ab620"
  integrity sha512-dIOxFfI0C+jz89g6lQ+TqhGgPQ0MxSnh/E4xuC0blhFtyW269+mPG5QeLgbdwst/LvdP8o1y0o/Gz5EHXLec/g==

"@types/fs-extra-promise@^1.0.9":
  version "1.0.9"
  resolved "https://registry.yarnpkg.com/@types/fs-extra-promise/-/fs-extra-promise-1.0.9.tgz#b469b6ff9c18b97b217efa8589913da0ef9921be"
  integrity sha512-szcr7YrgyeGo9ydkm8e8AS08L02kHz0ozOWJMR+SxZYOeYa7UoF3MhjcV3xRGsm56odstbdNvGWu6LNI7F4CQQ==
  dependencies:
    "@types/bluebird" "*"
    "@types/fs-extra" "^4"
    "@types/node" "*"

"@types/fs-extra@^4":
  version "4.0.11"
  resolved "https://registry.yarnpkg.com/@types/fs-extra/-/fs-extra-4.0.11.tgz#0df98664a5b27e9adfdb5164f9d0bd4751956882"
  integrity sha512-iHm/nBVmMR/VJQn/xCSwZ6C/qfm1Tgsh2IrCCinAsF+mlHDGpV+vLR/EA6xezBXpv0/amDOaqxa8f2TVxBQyog==
  dependencies:
    "@types/node" "*"

"@types/node@*", "@types/node@^14.0.14":
  version "14.0.14"
  resolved "https://registry.yarnpkg.com/@types/node/-/node-14.0.14.tgz#24a0b5959f16ac141aeb0c5b3cd7a15b7c64cbce"
  integrity sha512-syUgf67ZQpaJj01/tRTknkMNoBBLWJOBODF0Zm4NrXmiSuxjymFrxnTu1QVYRubhVkRcZLYZG8STTwJRdVm/WQ==

bluebird@^3.5.0:
  version "3.7.2"
  resolved "https://registry.yarnpkg.com/bluebird/-/bluebird-3.7.2.tgz#9f229c15be272454ffa973ace0dbee79a1b0c36f"
  integrity sha512-XpNj6GDQzdfW+r2Wnn7xiSAd7TM3jzkxGXBGTtWKuSXv1xUV+azxAm8jdWZN06QTQk+2N2XB9jRDkvbmQmcRtg==

fs-extra-promise@^1.0.1:
  version "1.0.1"
  resolved "https://registry.yarnpkg.com/fs-extra-promise/-/fs-extra-promise-1.0.1.tgz#b6ed1ace97b10e06b95f458d051b7f05c6613ee6"
  integrity sha1-tu0azpexDga5X0WNBRt/BcZhPuY=
  dependencies:
    bluebird "^3.5.0"
    fs-extra "^2.1.2"

fs-extra@^2.1.2:
  version "2.1.2"
  resolved "https://registry.yarnpkg.com/fs-extra/-/fs-extra-2.1.2.tgz#046c70163cef9aad46b0e4a7fa467fb22d71de35"
  integrity sha1-BGxwFjzvmq1GsOSn+kZ/si1x3jU=
  dependencies:
    graceful-fs "^4.1.2"
    jsonfile "^2.1.0"

graceful-fs@^4.1.2, graceful-fs@^4.1.6:
  version "4.2.4"
  resolved "https://registry.yarnpkg.com/graceful-fs/-/graceful-fs-4.2.4.tgz#2256bde14d3632958c465ebc96dc467ca07a29fb"
  integrity sha512-WjKPNJF79dtJAVniUlGGWHYGz2jWxT6VhN/4m1NdkbZ2nOsEF+cI1Edgql5zCRhs/VsQYRvrXctxktVXZUkixw==

jsonfile@^2.1.0:
  version "2.4.0"
  resolved "https://registry.yarnpkg.com/jsonfile/-/jsonfile-2.4.0.tgz#3736a2b428b87bbda0cc83b53fa3d633a35c2ae8"
  integrity sha1-NzaitCi4e72gzIO1P6PWM6NcKug=
  optionalDependencies:
    graceful-fs "^4.1.6"

prettier@^2.0.5:
  version "2.0.5"
  resolved "https://registry.yarnpkg.com/prettier/-/prettier-2.0.5.tgz#d6d56282455243f2f92cc1716692c08aa31522d4"
  integrity sha512-7PtVymN48hGcO4fGjybyBSIWDsLU4H4XlvOHfq91pz9kkGlonzwTfYkaIEwiRg/dAJF9YlbsduBAgtYLi+8cFg==

typescript@^3.9.5:
  version "3.9.5"
  resolved "https://registry.yarnpkg.com/typescript/-/typescript-3.9.5.tgz#586f0dba300cde8be52dd1ac4f7e1009c1b13f36"
  integrity sha512-hSAifV3k+i6lEoCJ2k6R2Z/rp/H3+8sdmcn5NrS3/3kE7+RyZXm9aqvxWqjEXHAd8b0pShatpcdMTvEdvAJltQ==
